lockfileVersion: 5.4

specifiers:
  solid-js: ^1.6.2

dependencies:
  solid-js: 1.6.2

packages:

  /csstype/3.1.1:
    resolution: {integrity: sha512-DJR/VvkAvSZW9bTouZue2sSxDwdTN92uHjqeKVm+0dAqdfNykRzQ95tay8aXMBAAPpUiq4Qcug2L7neoRh2Egw==}
    dev: false

  /solid-js/1.6.2:
    resolution: {integrity: sha512-AZBsj+Yn1xliniTTeuQKG9V7VQVkQ8lZmSKvBjpcVSoZeF7nvt/N5f7Kcsx6QSufioa2YgvBjkIiA0cM0qhotw==}
    dependencies:
      csstype: 3.1.1
    dev: false
